# @generated by Move, please check-in and do not edit manually.

[move]
version = 3
manifest_digest = "065400A752DFB8B8A48175E69E3520547AD2FCB3824E0187A60D1F2B9942C250"
deps_digest = "F9B494B64F0615AED0E98FC12A85B85ECD2BC5185C22D30E7F67786BB52E507C"
dependencies = [
  { id = "Iota", name = "Iota" },
  { id = "IotaSystem", name = "IotaSystem" },
  { id = "MoveStdlib", name = "MoveStdlib" },
  { id = "Stardust", name = "Stardust" },
]

[[move.package]]
id = "Iota"
source = { git = "https://github.com/iotaledger/iota.git", rev = "79428efeb99e1bb60880a970a88d90621cb2ccff", subdir = "crates/iota-framework/packages/iota-framework" }

dependencies = [
  { id = "MoveStdlib", name = "MoveStdlib" },
]

[[move.package]]
id = "IotaSystem"
source = { git = "https://github.com/iotaledger/iota.git", rev = "79428efeb99e1bb60880a970a88d90621cb2ccff", subdir = "crates/iota-framework/packages/iota-system" }

dependencies = [
  { id = "Iota", name = "Iota" },
  { id = "MoveStdlib", name = "MoveStdlib" },
]

[[move.package]]
id = "MoveStdlib"
source = { git = "https://github.com/iotaledger/iota.git", rev = "79428efeb99e1bb60880a970a88d90621cb2ccff", subdir = "crates/iota-framework/packages/move-stdlib" }

[[move.package]]
id = "Stardust"
source = { git = "https://github.com/iotaledger/iota.git", rev = "79428efeb99e1bb60880a970a88d90621cb2ccff", subdir = "crates/iota-framework/packages/stardust" }

dependencies = [
  { id = "Iota", name = "Iota" },
  { id = "MoveStdlib", name = "MoveStdlib" },
]

[move.toolchain-version]
compiler-version = "1.9.2"
edition = "2024"
flavor = "iota"

[env]

[env.testnet]
chain-id = "2304aa97"
original-published-id = "0x751c3bfefb3f9d1e4e15696b0646fd3445efc77e05f088dcac24a8860e72f7d4"
latest-published-id = "0x751c3bfefb3f9d1e4e15696b0646fd3445efc77e05f088dcac24a8860e72f7d4"
published-version = "1"

[env.mainnet]
chain-id = "6364aad5"
original-published-id = "0xe98f9281c6fce1ddcaab31b5e54261ed677281a061ac7a689247292a80852822"
latest-published-id = "0xe98f9281c6fce1ddcaab31b5e54261ed677281a061ac7a689247292a80852822"
published-version = "1"
